
Microsoft Visual Studio Solution File, Format Version 12.00
# Visual Studio 14
VisualStudioVersion = 14.0.24720.0
MinimumVisualStudioVersion = 10.0.40219.1
Project("{FAE04EC0-301F-11D3-BF4B-00C04F79EFBC}") = "Combimagix", "Combimagix\Combimagix.csproj", "{77C7DCB5-E527-49C9-AF88-9EF48C19B160}"
EndProject
Project("{FAE04EC0-301F-11D3-BF4B-00C04F79EFBC}") = "TestProject", "TestProject\TestProject.csproj", "{9FA1A905-E2DD-4CF7-BF5E-C733BA38AD87}"
EndProject
Global
	GlobalSection(SolutionConfigurationPlatforms) = preSolution
		Debug|Any CPU = Debug|Any CPU
		Release|Any CPU = Release|Any CPU
	EndGlobalSection
	GlobalSection(ProjectConfigurationPlatforms) = postSolution
		{77C7DCB5-E527-49C9-AF88-9EF48C19B160}.Debug|Any CPU.ActiveCfg = Debug|Any CPU
		{77C7DCB5-E527-49C9-AF88-9EF48C19B160}.Debug|Any CPU.Build.0 = Debug|Any CPU
		{77C7DCB5-E527-49C9-AF88-9EF48C19B160}.Release|Any CPU.ActiveCfg = Release|Any CPU
		{77C7DCB5-E527-49C9-AF88-9EF48C19B160}.Release|Any CPU.Build.0 = Release|Any CPU
		{9FA1A905-E2DD-4CF7-BF5E-C733BA38AD87}.Debug|Any CPU.ActiveCfg = Debug|Any CPU
		{9FA1A905-E2DD-4CF7-BF5E-C733BA38AD87}.Debug|Any CPU.Build.0 = Debug|Any CPU
		{9FA1A905-E2DD-4CF7-BF5E-C733BA38AD87}.Release|Any CPU.ActiveCfg = Release|Any CPU
		{9FA1A905-E2DD-4CF7-BF5E-C733BA38AD87}.Release|Any CPU.Build.0 = Release|Any CPU
	EndGlobalSection
	GlobalSection(SolutionProperties) = preSolution
		HideSolutionNode = FALSE
	EndGlobalSection
EndGlobal
